
Microsoft Visual Studio Solution File, Format Version 12.00
# Visual Studio Version 16
VisualStudioVersion = 16.0.32002.261
MinimumVisualStudioVersion = 10.0.40219.1
Project("{FAE04EC0-301F-11D3-BF4B-00C04F79EFBC}") = "TaschenRechner", "TaschenRechner\TaschenRechner.csproj", "{C897951E-C8DA-4C22-99C2-1ABBE1B493E1}"
EndProject
Global
	GlobalSection(SolutionConfigurationPlatforms) = preSolution
		Debug|Any CPU = Debug|Any CPU
		Release|Any CPU = Release|Any CPU
	EndGlobalSection
	GlobalSection(ProjectConfigurationPlatforms) = postSolution
		{C897951E-C8DA-4C22-99C2-1ABBE1B493E1}.Debug|Any CPU.ActiveCfg = Debug|Any CPU
		{C897951E-C8DA-4C22-99C2-1ABBE1B493E1}.Debug|Any CPU.Build.0 = Debug|Any CPU
		{C897951E-C8DA-4C22-99C2-1ABBE1B493E1}.Release|Any CPU.ActiveCfg = Release|Any CPU
		{C897951E-C8DA-4C22-99C2-1ABBE1B493E1}.Release|Any CPU.Build.0 = Release|Any CPU
	EndGlobalSection
	GlobalSection(SolutionProperties) = preSolution
		HideSolutionNode = FALSE
	EndGlobalSection
	GlobalSection(ExtensibilityGlobals) = postSolution
		SolutionGuid = {8943CE52-FE3F-4D3B-B18F-8EB792FE1A4A}
	EndGlobalSection
EndGlobal
